
Microsoft Visual Studio Solution File, Format Version 12.00
# Visual Studio Version 16
VisualStudioVersion = 16.0.33027.164
MinimumVisualStudioVersion = 10.0.40219.1
Project("{FAE04EC0-301F-11D3-BF4B-00C04F79EFBC}") = "WpfApp17", "WpfApp17\WpfApp17.csproj", "{64DF639D-C2A9-4514-B197-1B7A251E9495}"
EndProject
Global
	GlobalSection(SolutionConfigurationPlatforms) = preSolution
		Debug|Any CPU = Debug|Any CPU
		Release|Any CPU = Release|Any CPU
	EndGlobalSection
	GlobalSection(ProjectConfigurationPlatforms) = postSolution
		{64DF639D-C2A9-4514-B197-1B7A251E9495}.Debug|Any CPU.ActiveCfg = Debug|Any CPU
		{64DF639D-C2A9-4514-B197-1B7A251E9495}.Debug|Any CPU.Build.0 = Debug|Any CPU
		{64DF639D-C2A9-4514-B197-1B7A251E9495}.Release|Any CPU.ActiveCfg = Release|Any CPU
		{64DF639D-C2A9-4514-B197-1B7A251E9495}.Release|Any CPU.Build.0 = Release|Any CPU
	EndGlobalSection
	GlobalSection(SolutionProperties) = preSolution
		HideSolutionNode = FALSE
	EndGlobalSection
	GlobalSection(ExtensibilityGlobals) = postSolution
		SolutionGuid = {89E2908B-7A95-4F78-9A0E-087780B55A44}
	EndGlobalSection
EndGlobal
